{
  "name": "ac-d3",
  "version": "1.0.13",
  "lockfileVersion": 1,
  "requires": true,
  "dependencies": {
    "commander": {
      "version": "https://registry.npmjs.org/commander/-/commander-2.11.0.tgz",
      "integrity": "sha1-FXFS/R56bI2YpbcVzzdt+SgARWM="
    },
    "d3": {
      "version": "https://registry.npmjs.org/d3/-/d3-4.9.1.tgz",
      "integrity": "sha1-+GC+klImGjwU7qZLHSWQ0U9NuDg=",
      "requires": {
        "d3-array": "https://registry.npmjs.org/d3-array/-/d3-array-1.2.0.tgz",
        "d3-axis": "https://registry.npmjs.org/d3-axis/-/d3-axis-1.0.7.tgz",
        "d3-brush": "https://registry.npmjs.org/d3-brush/-/d3-brush-1.0.4.tgz",
        "d3-chord": "https://registry.npmjs.org/d3-chord/-/d3-chord-1.0.4.tgz",
        "d3-collection": "https://registry.npmjs.org/d3-collection/-/d3-collection-1.0.3.tgz",
        "d3-color": "https://registry.npmjs.org/d3-color/-/d3-color-1.0.3.tgz",
        "d3-dispatch": "https://registry.npmjs.org/d3-dispatch/-/d3-dispatch-1.0.3.tgz",
        "d3-drag": "https://registry.npmjs.org/d3-drag/-/d3-drag-1.1.0.tgz",
        "d3-dsv": "https://registry.npmjs.org/d3-dsv/-/d3-dsv-1.0.5.tgz",
        "d3-ease": "https://registry.npmjs.org/d3-ease/-/d3-ease-1.0.3.tgz",
        "d3-force": "https://registry.npmjs.org/d3-force/-/d3-force-1.0.6.tgz",
        "d3-format": "https://registry.npmjs.org/d3-format/-/d3-format-1.2.0.tgz",
        "d3-geo": "https://registry.npmjs.org/d3-geo/-/d3-geo-1.6.4.tgz",
        "d3-hierarchy": "https://registry.npmjs.org/d3-hierarchy/-/d3-hierarchy-1.1.4.tgz",
        "d3-interpolate": "https://registry.npmjs.org/d3-interpolate/-/d3-interpolate-1.1.5.tgz",
        "d3-path": "https://registry.npmjs.org/d3-path/-/d3-path-1.0.5.tgz",
        "d3-polygon": "https://registry.npmjs.org/d3-polygon/-/d3-polygon-1.0.3.tgz",
        "d3-quadtree": "https://registry.npmjs.org/d3-quadtree/-/d3-quadtree-1.0.3.tgz",
        "d3-queue": "https://registry.npmjs.org/d3-queue/-/d3-queue-3.0.7.tgz",
        "d3-random": "https://registry.npmjs.org/d3-random/-/d3-random-1.1.0.tgz",
        "d3-request": "https://registry.npmjs.org/d3-request/-/d3-request-1.0.5.tgz",
        "d3-scale": "https://registry.npmjs.org/d3-scale/-/d3-scale-1.0.6.tgz",
        "d3-selection": "https://registry.npmjs.org/d3-selection/-/d3-selection-1.1.0.tgz",
        "d3-shape": "https://registry.npmjs.org/d3-shape/-/d3-shape-1.1.1.tgz",
        "d3-time": "https://registry.npmjs.org/d3-time/-/d3-time-1.0.6.tgz",
        "d3-time-format": "https://registry.npmjs.org/d3-time-format/-/d3-time-format-2.0.5.tgz",
        "d3-timer": "https://registry.npmjs.org/d3-timer/-/d3-timer-1.0.5.tgz",
        "d3-transition": "https://registry.npmjs.org/d3-transition/-/d3-transition-1.1.0.tgz",
        "d3-voronoi": "https://registry.npmjs.org/d3-voronoi/-/d3-voronoi-1.1.2.tgz",
        "d3-zoom": "https://registry.npmjs.org/d3-zoom/-/d3-zoom-1.2.0.tgz"
      }
    },
    "d3-array": {
      "version": "https://registry.npmjs.org/d3-array/-/d3-array-1.2.0.tgz",
      "integrity": "sha1-FH0mlyDhdMQFen9CvosPPyulMQg="
    },
    "d3-axis": {
      "version": "https://registry.npmjs.org/d3-axis/-/d3-axis-1.0.7.tgz",
      "integrity": "sha1-BIQz0wcGH2LR0kjikwwB17ZzjNg="
    },
    "d3-brush": {
      "version": "https://registry.npmjs.org/d3-brush/-/d3-brush-1.0.4.tgz",
      "integrity": "sha1-AMLyOAGfJPbAoZSibUGhUw/+e8Q=",
      "requires": {
        "d3-dispatch": "https://registry.npmjs.org/d3-dispatch/-/d3-dispatch-1.0.3.tgz",
        "d3-drag": "https://registry.npmjs.org/d3-drag/-/d3-drag-1.1.0.tgz",
        "d3-interpolate": "https://registry.npmjs.org/d3-interpolate/-/d3-interpolate-1.1.5.tgz",
        "d3-selection": "https://registry.npmjs.org/d3-selection/-/d3-selection-1.1.0.tgz",
        "d3-transition": "https://registry.npmjs.org/d3-transition/-/d3-transition-1.1.0.tgz"
      }
    },
    "d3-chord": {
      "version": "https://registry.npmjs.org/d3-chord/-/d3-chord-1.0.4.tgz",
      "integrity": "sha1-fexPC6iG9xP+ERxF92NBT290yiw=",
      "requires": {
        "d3-array": "https://registry.npmjs.org/d3-array/-/d3-array-1.2.0.tgz",
        "d3-path": "https://registry.npmjs.org/d3-path/-/d3-path-1.0.5.tgz"
      }
    },
    "d3-collection": {
      "version": "https://registry.npmjs.org/d3-collection/-/d3-collection-1.0.3.tgz",
      "integrity": "sha1-AL3qlPvBYo1DWruuL03CFk433TQ="
    },
    "d3-color": {
      "version": "https://registry.npmjs.org/d3-color/-/d3-color-1.0.3.tgz",
      "integrity": "sha1-vHZD/KjlOoNH4vva/6I2eWtYUJs="
    },
    "d3-dispatch": {
      "version": "https://registry.npmjs.org/d3-dispatch/-/d3-dispatch-1.0.3.tgz",
      "integrity": "sha1-RuFJHqqbWMNY/OW+TovtYm54cfg="
    },
    "d3-drag": {
      "version": "https://registry.npmjs.org/d3-drag/-/d3-drag-1.1.0.tgz",
      "integrity": "sha1-Skm013pC6ePVoO87SSsUqqLlpzM=",
      "requires": {
        "d3-dispatch": "https://registry.npmjs.org/d3-dispatch/-/d3-dispatch-1.0.3.tgz",
        "d3-selection": "https://registry.npmjs.org/d3-selection/-/d3-selection-1.1.0.tgz"
      }
    },
    "d3-dsv": {
      "version": "https://registry.npmjs.org/d3-dsv/-/d3-dsv-1.0.5.tgz",
      "integrity": "sha1-QZ99tH9ih4n8P9tjbmeESdCCETY=",
      "requires": {
        "commander": "https://registry.npmjs.org/commander/-/commander-2.11.0.tgz",
        "iconv-lite": "https://registry.npmjs.org/iconv-lite/-/iconv-lite-0.4.18.tgz",
        "rw": "https://registry.npmjs.org/rw/-/rw-1.3.3.tgz"
      }
    },
    "d3-ease": {
      "version": "https://registry.npmjs.org/d3-ease/-/d3-ease-1.0.3.tgz",
      "integrity": "sha1-aL+8NJM4o4DETYrMT7wzBKotjA4="
    },
    "d3-force": {
      "version": "https://registry.npmjs.org/d3-force/-/d3-force-1.0.6.tgz",
      "integrity": "sha1-6n4bdzDiZkzTFPWU1nGMV8wTK3k=",
      "requires": {
        "d3-collection": "https://registry.npmjs.org/d3-collection/-/d3-collection-1.0.3.tgz",
        "d3-dispatch": "https://registry.npmjs.org/d3-dispatch/-/d3-dispatch-1.0.3.tgz",
        "d3-quadtree": "https://registry.npmjs.org/d3-quadtree/-/d3-quadtree-1.0.3.tgz",
        "d3-timer": "https://registry.npmjs.org/d3-timer/-/d3-timer-1.0.5.tgz"
      }
    },
    "d3-format": {
      "version": "https://registry.npmjs.org/d3-format/-/d3-format-1.2.0.tgz",
      "integrity": "sha1-a0gLqohohdRlHcJIqPSsnaFtsHo="
    },
    "d3-geo": {
      "version": "https://registry.npmjs.org/d3-geo/-/d3-geo-1.6.4.tgz",
      "integrity": "sha1-8g4eRhyxhF9ai+Vatvh2VCp+MZk=",
      "requires": {
        "d3-array": "https://registry.npmjs.org/d3-array/-/d3-array-1.2.0.tgz"
      }
    },
    "d3-hierarchy": {
      "version": "https://registry.npmjs.org/d3-hierarchy/-/d3-hierarchy-1.1.4.tgz",
      "integrity": "sha1-lsOULz8hz5l6EbTt8A3eKne0xtA="
    },
    "d3-interpolate": {
      "version": "https://registry.npmjs.org/d3-interpolate/-/d3-interpolate-1.1.5.tgz",
      "integrity": "sha1-aeCZ/zkhRxblY8muw+qdHqS4p58=",
      "requires": {
        "d3-color": "https://registry.npmjs.org/d3-color/-/d3-color-1.0.3.tgz"
      }
    },
    "d3-path": {
      "version": "https://registry.npmjs.org/d3-path/-/d3-path-1.0.5.tgz",
      "integrity": "sha1-JB6xhJvZ6egCHA0KeZ+KDo5EF2Q="
    },
    "d3-polygon": {
      "version": "https://registry.npmjs.org/d3-polygon/-/d3-polygon-1.0.3.tgz",
      "integrity": "sha1-FoiOkCZGCTPysXllKtN4Ik04LGI="
    },
    "d3-quadtree": {
      "version": "https://registry.npmjs.org/d3-quadtree/-/d3-quadtree-1.0.3.tgz",
      "integrity": "sha1-rHmH4+I/6AWpkPKOG1DTj8uCJDg="
    },
    "d3-queue": {
      "version": "https://registry.npmjs.org/d3-queue/-/d3-queue-3.0.7.tgz",
      "integrity": "sha1-yTouVLQXwJWRKdfXP2z31Ckudhg="
    },
    "d3-random": {
      "version": "https://registry.npmjs.org/d3-random/-/d3-random-1.1.0.tgz",
      "integrity": "sha1-ZkLlBsb6OmSFldKyRpeIqNElKdM="
    },
    "d3-request": {
      "version": "https://registry.npmjs.org/d3-request/-/d3-request-1.0.5.tgz",
      "integrity": "sha1-TarpRtHdDVff4B8CKVY1SVjVHyM=",
      "requires": {
        "d3-collection": "https://registry.npmjs.org/d3-collection/-/d3-collection-1.0.3.tgz",
        "d3-dispatch": "https://registry.npmjs.org/d3-dispatch/-/d3-dispatch-1.0.3.tgz",
        "d3-dsv": "https://registry.npmjs.org/d3-dsv/-/d3-dsv-1.0.5.tgz",
        "xmlhttprequest": "https://registry.npmjs.org/xmlhttprequest/-/xmlhttprequest-1.8.0.tgz"
      }
    },
    "d3-scale": {
      "version": "https://registry.npmjs.org/d3-scale/-/d3-scale-1.0.6.tgz",
      "integrity": "sha1-vOGdqA06DPQiyVQ64zIghiILNO0=",
      "requires": {
        "d3-array": "https://registry.npmjs.org/d3-array/-/d3-array-1.2.0.tgz",
        "d3-collection": "https://registry.npmjs.org/d3-collection/-/d3-collection-1.0.3.tgz",
        "d3-color": "https://registry.npmjs.org/d3-color/-/d3-color-1.0.3.tgz",
        "d3-format": "https://registry.npmjs.org/d3-format/-/d3-format-1.2.0.tgz",
        "d3-interpolate": "https://registry.npmjs.org/d3-interpolate/-/d3-interpolate-1.1.5.tgz",
        "d3-time": "https://registry.npmjs.org/d3-time/-/d3-time-1.0.6.tgz",
        "d3-time-format": "https://registry.npmjs.org/d3-time-format/-/d3-time-format-2.0.5.tgz"
      }
    },
    "d3-selection": {
      "version": "https://registry.npmjs.org/d3-selection/-/d3-selection-1.1.0.tgz",
      "integrity": "sha1-GZhoSJZIj4OcoDchI9o08dMYgJw="
    },
    "d3-shape": {
      "version": "https://registry.npmjs.org/d3-shape/-/d3-shape-1.1.1.tgz",
      "integrity": "sha1-UKEDfkinn1uP2dWM3lJ5musfdyM=",
      "requires": {
        "d3-path": "https://registry.npmjs.org/d3-path/-/d3-path-1.0.5.tgz"
      }
    },
    "d3-time": {
      "version": "https://registry.npmjs.org/d3-time/-/d3-time-1.0.6.tgz",
      "integrity": "sha1-pVsT19FdOhYK6RcIIy4INfHV6UU="
    },
    "d3-time-format": {
      "version": "https://registry.npmjs.org/d3-time-format/-/d3-time-format-2.0.5.tgz",
      "integrity": "sha1-nXeAIE98kRnJFwsaVttN6aivly4=",
      "requires": {
        "d3-time": "https://registry.npmjs.org/d3-time/-/d3-time-1.0.6.tgz"
      }
    },
    "d3-timer": {
      "version": "https://registry.npmjs.org/d3-timer/-/d3-timer-1.0.5.tgz",
      "integrity": "sha1-smbUdscbDSaeesXzUrQQo7b+bvA="
    },
    "d3-transition": {
      "version": "https://registry.npmjs.org/d3-transition/-/d3-transition-1.1.0.tgz",
      "integrity": "sha1-z8hcdOUjkyQpBUZiNXKZBWDDlm8=",
      "requires": {
        "d3-color": "https://registry.npmjs.org/d3-color/-/d3-color-1.0.3.tgz",
        "d3-dispatch": "https://registry.npmjs.org/d3-dispatch/-/d3-dispatch-1.0.3.tgz",
        "d3-ease": "https://registry.npmjs.org/d3-ease/-/d3-ease-1.0.3.tgz",
        "d3-interpolate": "https://registry.npmjs.org/d3-interpolate/-/d3-interpolate-1.1.5.tgz",
        "d3-selection": "https://registry.npmjs.org/d3-selection/-/d3-selection-1.1.0.tgz",
        "d3-timer": "https://registry.npmjs.org/d3-timer/-/d3-timer-1.0.5.tgz"
      }
    },
    "d3-voronoi": {
      "version": "https://registry.npmjs.org/d3-voronoi/-/d3-voronoi-1.1.2.tgz",
      "integrity": "sha1-Fodmfo8TotFYyAwUgMWinLDYlzw="
    },
    "d3-zoom": {
      "version": "https://registry.npmjs.org/d3-zoom/-/d3-zoom-1.2.0.tgz",
      "integrity": "sha1-syMfT5OGJBR13v4cVXv9P94QZfs=",
      "requires": {
        "d3-dispatch": "https://registry.npmjs.org/d3-dispatch/-/d3-dispatch-1.0.3.tgz",
        "d3-drag": "https://registry.npmjs.org/d3-drag/-/d3-drag-1.1.0.tgz",
        "d3-interpolate": "https://registry.npmjs.org/d3-interpolate/-/d3-interpolate-1.1.5.tgz",
        "d3-selection": "https://registry.npmjs.org/d3-selection/-/d3-selection-1.1.0.tgz",
        "d3-transition": "https://registry.npmjs.org/d3-transition/-/d3-transition-1.1.0.tgz"
      }
    },
    "iconv-lite": {
      "version": "https://registry.npmjs.org/iconv-lite/-/iconv-lite-0.4.18.tgz",
      "integrity": "sha1-I9hlaxaq5nQqwpcy6o8DNqR4nPI="
    },
    "rw": {
      "version": "https://registry.npmjs.org/rw/-/rw-1.3.3.tgz",
      "integrity": "sha1-P4Yt+pGrdmsUiF700BEkv9oHT7Q="
    },
    "shortid": {
      "version": "2.2.8",
      "resolved": "https://registry.npmjs.org/shortid/-/shortid-2.2.8.tgz",
      "integrity": "sha1-AzsRfWoul1gE9vCWnb59PQs1UTE="
    },
    "xmlhttprequest": {
      "version": "https://registry.npmjs.org/xmlhttprequest/-/xmlhttprequest-1.8.0.tgz",
      "integrity": "sha1-Z/4HXFwk/vOfnWX197f+dRcZaPw="
    }
  }
}
